
Microsoft Visual Studio Solution File, Format Version 12.00
# Visual Studio Version 16
VisualStudioVersion = 16.0.31613.86
MinimumVisualStudioVersion = 10.0.40219.1
Project("{FAE04EC0-301F-11D3-BF4B-00C04F79EFBC}") = "new project api", "new project api.csproj", "{14B9E6B9-D79A-4E0D-816F-7FCEA04CA31C}"
EndProject
Global
	GlobalSection(SolutionConfigurationPlatforms) = preSolution
		Debug|Any CPU = Debug|Any CPU
		Release|Any CPU = Release|Any CPU
	EndGlobalSection
	GlobalSection(ProjectConfigurationPlatforms) = postSolution
		{14B9E6B9-D79A-4E0D-816F-7FCEA04CA31C}.Debug|Any CPU.ActiveCfg = Debug|Any CPU
		{14B9E6B9-D79A-4E0D-816F-7FCEA04CA31C}.Debug|Any CPU.Build.0 = Debug|Any CPU
		{14B9E6B9-D79A-4E0D-816F-7FCEA04CA31C}.Release|Any CPU.ActiveCfg = Release|Any CPU
		{14B9E6B9-D79A-4E0D-816F-7FCEA04CA31C}.Release|Any CPU.Build.0 = Release|Any CPU
	EndGlobalSection
	GlobalSection(SolutionProperties) = preSolution
		HideSolutionNode = FALSE
	EndGlobalSection
	GlobalSection(ExtensibilityGlobals) = postSolution
		SolutionGuid = {058296CF-B65C-4BEB-B932-0A28B539E167}
	EndGlobalSection
EndGlobal
